// !$*UTF8*$!
{
	archiveVersion = 1;
	classes = {
	};
	objectVersion = 46;
	objects = {

/* Begin PBXBuildFile section */
		D4487DEC1EF0B58200B31DAE /* main.c in Sources */ = {isa = PBXBuildFile; fileRef = D4487DEB1EF0B58200B31DAE /* main.c */; };
		D45B111F214B0B1800FC085C /* SIDimensionality.c in Sources */ = {isa = PBXBuildFile; fileRef = D45B1107214B0B1800FC085C /* SIDimensionality.c */; };
		D45B1120214B0B1800FC085C /* SIUnit.c in Sources */ = {isa = PBXBuildFile; fileRef = D45B1108214B0B1800FC085C /* SIUnit.c */; };
		D45B1121214B0B1800FC085C /* SIUnitParser.y in Sources */ = {isa = PBXBuildFile; fileRef = D45B1109214B0B1800FC085C /* SIUnitParser.y */; };
		D45B1122214B0B1800FC085C /* PSScalarConstants.h in Headers */ = {isa = PBXBuildFile; fileRef = D45B110A214B0B1800FC085C /* PSScalarConstants.h */; settings = {ATTRIBUTES = (Public, ); }; };
		D45B1123214B0B1800FC085C /* PSScalarParser.y in Sources */ = {isa = PBXBuildFile; fileRef = D45B110B214B0B1800FC085C /* PSScalarParser.y */; };
		D45B1124214B0B1800FC085C /* SIUnitScanner.l in Sources */ = {isa = PBXBuildFile; fileRef = D45B110C214B0B1800FC085C /* SIUnitScanner.l */; };
		D45B1125214B0B1800FC085C /* PSScalarParser.c in Sources */ = {isa = PBXBuildFile; fileRef = D45B110D214B0B1800FC085C /* PSScalarParser.c */; };
		D45B1126214B0B1800FC085C /* Makefile in Sources */ = {isa = PBXBuildFile; fileRef = D45B110E214B0B1800FC085C /* Makefile */; };
		D45B1127214B0B1800FC085C /* PSQuantity.c in Sources */ = {isa = PBXBuildFile; fileRef = D45B110F214B0B1800FC085C /* PSQuantity.c */; };
		D45B1128214B0B1800FC085C /* PSScalarScanner.l in Sources */ = {isa = PBXBuildFile; fileRef = D45B1110214B0B1800FC085C /* PSScalarScanner.l */; };
		D45B1129214B0B1800FC085C /* PSScalar.h in Headers */ = {isa = PBXBuildFile; fileRef = D45B1111214B0B1800FC085C /* PSScalar.h */; settings = {ATTRIBUTES = (Public, ); }; };
		D45B112A214B0B1800FC085C /* PSScalarConstants.c in Sources */ = {isa = PBXBuildFile; fileRef = D45B1112214B0B1800FC085C /* PSScalarConstants.c */; };
		D45B112B214B0B1800FC085C /* SIUnit.h in Headers */ = {isa = PBXBuildFile; fileRef = D45B1113214B0B1800FC085C /* SIUnit.h */; settings = {ATTRIBUTES = (Public, ); }; };
		D45B112C214B0B1800FC085C /* SILibrary.h in Headers */ = {isa = PBXBuildFile; fileRef = D45B1114214B0B1800FC085C /* SILibrary.h */; settings = {ATTRIBUTES = (Public, ); }; };
		D45B112D214B0B1800FC085C /* SIUnitParser.h in Headers */ = {isa = PBXBuildFile; fileRef = D45B1115214B0B1800FC085C /* SIUnitParser.h */; settings = {ATTRIBUTES = (Public, ); }; };
		D45B112E214B0B1800FC085C /* SIDimensionality.h in Headers */ = {isa = PBXBuildFile; fileRef = D45B1116214B0B1800FC085C /* SIDimensionality.h */; settings = {ATTRIBUTES = (Public, ); }; };
		D45B112F214B0B1800FC085C /* PSScalarParser.h in Headers */ = {isa = PBXBuildFile; fileRef = D45B1117214B0B1800FC085C /* PSScalarParser.h */; settings = {ATTRIBUTES = (Public, ); }; };
		D45B1130214B0B1800FC085C /* SIDimensionalityP.h in Headers */ = {isa = PBXBuildFile; fileRef = D45B1118214B0B1800FC085C /* SIDimensionalityP.h */; settings = {ATTRIBUTES = (Public, ); }; };
		D45B1131214B0B1800FC085C /* SIDimensionalityScanner.l in Sources */ = {isa = PBXBuildFile; fileRef = D45B1119214B0B1800FC085C /* SIDimensionalityScanner.l */; };
		D45B1132214B0B1800FC085C /* PSFormulaMassParser.l in Sources */ = {isa = PBXBuildFile; fileRef = D45B111A214B0B1800FC085C /* PSFormulaMassParser.l */; };
		D45B1133214B0B1800FC085C /* PSQuantity.h in Headers */ = {isa = PBXBuildFile; fileRef = D45B111B214B0B1800FC085C /* PSQuantity.h */; settings = {ATTRIBUTES = (Public, ); }; };
		D45B1134214B0B1800FC085C /* PSFormulaMassParser.c in Sources */ = {isa = PBXBuildFile; fileRef = D45B111C214B0B1800FC085C /* PSFormulaMassParser.c */; };
		D45B1135214B0B1800FC085C /* PSScalar.c in Sources */ = {isa = PBXBuildFile; fileRef = D45B111D214B0B1800FC085C /* PSScalar.c */; };
		D45B1136214B0B1800FC085C /* SIDimensionalityParser.y in Sources */ = {isa = PBXBuildFile; fileRef = D45B111E214B0B1800FC085C /* SIDimensionalityParser.y */; };
		D4BB4FEF212B58A300E9889B /* libOCTypes.a in Frameworks */ = {isa = PBXBuildFile; fileRef = D4BB4FEE212B58A300E9889B /* libOCTypes.a */; };
		D4BB4FF0212B58A500E9889B /* libSITypes.a in Frameworks */ = {isa = PBXBuildFile; fileRef = D4585BF81EEBA255000155FB /* libSITypes.a */; };
		D4BB4FF5212B597A00E9889B /* libOCTypes.a in Frameworks */ = {isa = PBXBuildFile; fileRef = D4BB4FF4212B597A00E9889B /* libOCTypes.a */; };
/* End PBXBuildFile section */

/* Begin PBXCopyFilesBuildPhase section */
		D4487DE71EF0B58200B31DAE /* CopyFiles */ = {
			isa = PBXCopyFilesBuildPhase;
			buildActionMask = 2147483647;
			dstPath = /usr/share/man/man1/;
			dstSubfolderSpec = 0;
			files = (
			);
			runOnlyForDeploymentPostprocessing = 1;
		};
		D4585C311EEBA64E000155FB /* CopyFiles */ = {
			isa = PBXCopyFilesBuildPhase;
			buildActionMask = 2147483647;
			dstPath = "";
			dstSubfolderSpec = 10;
			files = (
			);
			runOnlyForDeploymentPostprocessing = 0;
		};
/* End PBXCopyFilesBuildPhase section */

/* Begin PBXFileReference section */
		D4487DE91EF0B58200B31DAE /* SILibTests */ = {isa = PBXFileReference; explicitFileType = "compiled.mach-o.executable"; includeInIndex = 0; path = SILibTests; sourceTree = BUILT_PRODUCTS_DIR; };
		D4487DEB1EF0B58200B31DAE /* main.c */ = {isa = PBXFileReference; lastKnownFileType = sourcecode.c.c; path = main.c; sourceTree = "<group>"; };
		D4585BF81EEBA255000155FB /* libSITypes.a */ = {isa = PBXFileReference; explicitFileType = archive.ar; includeInIndex = 0; path = libSITypes.a; sourceTree = BUILT_PRODUCTS_DIR; };
		D45B1107214B0B1800FC085C /* SIDimensionality.c */ = {isa = PBXFileReference; fileEncoding = 4; lastKnownFileType = sourcecode.c.c; path = SIDimensionality.c; sourceTree = "<group>"; };
		D45B1108214B0B1800FC085C /* SIUnit.c */ = {isa = PBXFileReference; fileEncoding = 4; lastKnownFileType = sourcecode.c.c; path = SIUnit.c; sourceTree = "<group>"; };
		D45B1109214B0B1800FC085C /* SIUnitParser.y */ = {isa = PBXFileReference; fileEncoding = 4; lastKnownFileType = sourcecode.yacc; path = SIUnitParser.y; sourceTree = "<group>"; };
		D45B110A214B0B1800FC085C /* PSScalarConstants.h */ = {isa = PBXFileReference; fileEncoding = 4; lastKnownFileType = sourcecode.c.h; path = PSScalarConstants.h; sourceTree = "<group>"; };
		D45B110B214B0B1800FC085C /* PSScalarParser.y */ = {isa = PBXFileReference; fileEncoding = 4; lastKnownFileType = sourcecode.yacc; path = PSScalarParser.y; sourceTree = "<group>"; };
		D45B110C214B0B1800FC085C /* SIUnitScanner.l */ = {isa = PBXFileReference; fileEncoding = 4; lastKnownFileType = sourcecode.lex; path = SIUnitScanner.l; sourceTree = "<group>"; };
		D45B110D214B0B1800FC085C /* PSScalarParser.c */ = {isa = PBXFileReference; fileEncoding = 4; lastKnownFileType = sourcecode.c.c; path = PSScalarParser.c; sourceTree = "<group>"; };
		D45B110E214B0B1800FC085C /* Makefile */ = {isa = PBXFileReference; fileEncoding = 4; lastKnownFileType = sourcecode.make; path = Makefile; sourceTree = "<group>"; };
		D45B110F214B0B1800FC085C /* PSQuantity.c */ = {isa = PBXFileReference; fileEncoding = 4; lastKnownFileType = sourcecode.c.c; path = PSQuantity.c; sourceTree = "<group>"; };
		D45B1110214B0B1800FC085C /* PSScalarScanner.l */ = {isa = PBXFileReference; fileEncoding = 4; lastKnownFileType = sourcecode.lex; path = PSScalarScanner.l; sourceTree = "<group>"; };
		D45B1111214B0B1800FC085C /* PSScalar.h */ = {isa = PBXFileReference; fileEncoding = 4; lastKnownFileType = sourcecode.c.h; path = PSScalar.h; sourceTree = "<group>"; };
		D45B1112214B0B1800FC085C /* PSScalarConstants.c */ = {isa = PBXFileReference; fileEncoding = 4; lastKnownFileType = sourcecode.c.c; path = PSScalarConstants.c; sourceTree = "<group>"; };
		D45B1113214B0B1800FC085C /* SIUnit.h */ = {isa = PBXFileReference; fileEncoding = 4; lastKnownFileType = sourcecode.c.h; path = SIUnit.h; sourceTree = "<group>"; };
		D45B1114214B0B1800FC085C /* SILibrary.h */ = {isa = PBXFileReference; fileEncoding = 4; lastKnownFileType = sourcecode.c.h; path = SILibrary.h; sourceTree = "<group>"; };
		D45B1115214B0B1800FC085C /* SIUnitParser.h */ = {isa = PBXFileReference; fileEncoding = 4; lastKnownFileType = sourcecode.c.h; path = SIUnitParser.h; sourceTree = "<group>"; };
		D45B1116214B0B1800FC085C /* SIDimensionality.h */ = {isa = PBXFileReference; fileEncoding = 4; lastKnownFileType = sourcecode.c.h; path = SIDimensionality.h; sourceTree = "<group>"; };
		D45B1117214B0B1800FC085C /* PSScalarParser.h */ = {isa = PBXFileReference; fileEncoding = 4; lastKnownFileType = sourcecode.c.h; path = PSScalarParser.h; sourceTree = "<group>"; };
		D45B1118214B0B1800FC085C /* SIDimensionalityP.h */ = {isa = PBXFileReference; fileEncoding = 4; lastKnownFileType = sourcecode.c.h; path = SIDimensionalityP.h; sourceTree = "<group>"; };
		D45B1119214B0B1800FC085C /* SIDimensionalityScanner.l */ = {isa = PBXFileReference; fileEncoding = 4; lastKnownFileType = sourcecode.lex; path = SIDimensionalityScanner.l; sourceTree = "<group>"; };
		D45B111A214B0B1800FC085C /* PSFormulaMassParser.l */ = {isa = PBXFileReference; fileEncoding = 4; lastKnownFileType = sourcecode.lex; path = PSFormulaMassParser.l; sourceTree = "<group>"; };
		D45B111B214B0B1800FC085C /* PSQuantity.h */ = {isa = PBXFileReference; fileEncoding = 4; lastKnownFileType = sourcecode.c.h; path = PSQuantity.h; sourceTree = "<group>"; };
		D45B111C214B0B1800FC085C /* PSFormulaMassParser.c */ = {isa = PBXFileReference; fileEncoding = 4; lastKnownFileType = sourcecode.c.c; path = PSFormulaMassParser.c; sourceTree = "<group>"; };
		D45B111D214B0B1800FC085C /* PSScalar.c */ = {isa = PBXFileReference; fileEncoding = 4; lastKnownFileType = sourcecode.c.c; path = PSScalar.c; sourceTree = "<group>"; };
		D45B111E214B0B1800FC085C /* SIDimensionalityParser.y */ = {isa = PBXFileReference; fileEncoding = 4; lastKnownFileType = sourcecode.yacc; path = SIDimensionalityParser.y; sourceTree = "<group>"; };
		D4BB4FEE212B58A300E9889B /* libOCTypes.a */ = {isa = PBXFileReference; explicitFileType = archive.ar; path = libOCTypes.a; sourceTree = BUILT_PRODUCTS_DIR; };
		D4BB4FF4212B597A00E9889B /* libOCTypes.a */ = {isa = PBXFileReference; explicitFileType = archive.ar; path = libOCTypes.a; sourceTree = BUILT_PRODUCTS_DIR; };
		D4BB5227212DED6C00E9889B /* libJansson.a */ = {isa = PBXFileReference; explicitFileType = archive.ar; path = libJansson.a; sourceTree = BUILT_PRODUCTS_DIR; };
/* End PBXFileReference section */

/* Begin PBXFrameworksBuildPhase section */
		D4487DE61EF0B58200B31DAE /* Frameworks */ = {
			isa = PBXFrameworksBuildPhase;
			buildActionMask = 2147483647;
			files = (
				D4BB4FF0212B58A500E9889B /* libSITypes.a in Frameworks */,
				D4BB4FEF212B58A300E9889B /* libOCTypes.a in Frameworks */,
			);
			runOnlyForDeploymentPostprocessing = 0;
		};
		D4585BF51EEBA255000155FB /* Frameworks */ = {
			isa = PBXFrameworksBuildPhase;
			buildActionMask = 2147483647;
			files = (
				D4BB4FF5212B597A00E9889B /* libOCTypes.a in Frameworks */,
			);
			runOnlyForDeploymentPostprocessing = 0;
		};
/* End PBXFrameworksBuildPhase section */

/* Begin PBXGroup section */
		D4487DEA1EF0B58200B31DAE /* tests */ = {
			isa = PBXGroup;
			children = (
				D4487DEB1EF0B58200B31DAE /* main.c */,
			);
			path = tests;
			sourceTree = "<group>";
		};
		D4585BEF1EEBA255000155FB = {
			isa = PBXGroup;
			children = (
				D45B1106214B0B1800FC085C /* src */,
				D4487DEA1EF0B58200B31DAE /* tests */,
				D4585BF91EEBA255000155FB /* Products */,
				D4585C2E1EEBA3C2000155FB /* Frameworks */,
			);
			sourceTree = "<group>";
		};
		D4585BF91EEBA255000155FB /* Products */ = {
			isa = PBXGroup;
			children = (
				D4585BF81EEBA255000155FB /* libSITypes.a */,
				D4487DE91EF0B58200B31DAE /* SILibTests */,
			);
			name = Products;
			sourceTree = "<group>";
		};
		D4585C2E1EEBA3C2000155FB /* Frameworks */ = {
			isa = PBXGroup;
			children = (
				D4BB5227212DED6C00E9889B /* libJansson.a */,
				D4BB4FF4212B597A00E9889B /* libOCTypes.a */,
				D4BB4FEE212B58A300E9889B /* libOCTypes.a */,
			);
			name = Frameworks;
			sourceTree = "<group>";
		};
		D45B1106214B0B1800FC085C /* src */ = {
			isa = PBXGroup;
			children = (
				D45B1107214B0B1800FC085C /* SIDimensionality.c */,
				D45B1108214B0B1800FC085C /* SIUnit.c */,
				D45B1109214B0B1800FC085C /* SIUnitParser.y */,
				D45B110A214B0B1800FC085C /* PSScalarConstants.h */,
				D45B110B214B0B1800FC085C /* PSScalarParser.y */,
				D45B110C214B0B1800FC085C /* SIUnitScanner.l */,
				D45B110D214B0B1800FC085C /* PSScalarParser.c */,
				D45B110E214B0B1800FC085C /* Makefile */,
				D45B110F214B0B1800FC085C /* PSQuantity.c */,
				D45B1110214B0B1800FC085C /* PSScalarScanner.l */,
				D45B1111214B0B1800FC085C /* PSScalar.h */,
				D45B1112214B0B1800FC085C /* PSScalarConstants.c */,
				D45B1113214B0B1800FC085C /* SIUnit.h */,
				D45B1114214B0B1800FC085C /* SILibrary.h */,
				D45B1115214B0B1800FC085C /* SIUnitParser.h */,
				D45B1116214B0B1800FC085C /* SIDimensionality.h */,
				D45B1117214B0B1800FC085C /* PSScalarParser.h */,
				D45B1118214B0B1800FC085C /* SIDimensionalityP.h */,
				D45B1119214B0B1800FC085C /* SIDimensionalityScanner.l */,
				D45B111A214B0B1800FC085C /* PSFormulaMassParser.l */,
				D45B111B214B0B1800FC085C /* PSQuantity.h */,
				D45B111C214B0B1800FC085C /* PSFormulaMassParser.c */,
				D45B111D214B0B1800FC085C /* PSScalar.c */,
				D45B111E214B0B1800FC085C /* SIDimensionalityParser.y */,
			);
			path = src;
			sourceTree = "<group>";
		};
/* End PBXGroup section */

/* Begin PBXHeadersBuildPhase section */
		D4585BF61EEBA255000155FB /* Headers */ = {
			isa = PBXHeadersBuildPhase;
			buildActionMask = 2147483647;
			files = (
				D45B1122214B0B1800FC085C /* PSScalarConstants.h in Headers */,
				D45B1133214B0B1800FC085C /* PSQuantity.h in Headers */,
				D45B112E214B0B1800FC085C /* SIDimensionality.h in Headers */,
				D45B1129214B0B1800FC085C /* PSScalar.h in Headers */,
				D45B112C214B0B1800FC085C /* SILibrary.h in Headers */,
				D45B112F214B0B1800FC085C /* PSScalarParser.h in Headers */,
				D45B112D214B0B1800FC085C /* SIUnitParser.h in Headers */,
				D45B1130214B0B1800FC085C /* SIDimensionalityP.h in Headers */,
				D45B112B214B0B1800FC085C /* SIUnit.h in Headers */,
			);
			runOnlyForDeploymentPostprocessing = 0;
		};
/* End PBXHeadersBuildPhase section */

/* Begin PBXNativeTarget section */
		D4487DE81EF0B58200B31DAE /* SILibTests */ = {
			isa = PBXNativeTarget;
			buildConfigurationList = D4487DED1EF0B58200B31DAE /* Build configuration list for PBXNativeTarget "SILibTests" */;
			buildPhases = (
				D4487DE51EF0B58200B31DAE /* Sources */,
				D4487DE61EF0B58200B31DAE /* Frameworks */,
				D4487DE71EF0B58200B31DAE /* CopyFiles */,
			);
			buildRules = (
			);
			dependencies = (
			);
			name = SILibTests;
			productName = SILibTests;
			productReference = D4487DE91EF0B58200B31DAE /* SILibTests */;
			productType = "com.apple.product-type.tool";
		};
		D4585BF71EEBA255000155FB /* SITypes */ = {
			isa = PBXNativeTarget;
			buildConfigurationList = D4585BFC1EEBA255000155FB /* Build configuration list for PBXNativeTarget "SITypes" */;
			buildPhases = (
				D4585BF41EEBA255000155FB /* Sources */,
				D4585BF51EEBA255000155FB /* Frameworks */,
				D4585BF61EEBA255000155FB /* Headers */,
				D4585C311EEBA64E000155FB /* CopyFiles */,
			);
			buildRules = (
			);
			dependencies = (
			);
			name = SITypes;
			productName = SITypes;
			productReference = D4585BF81EEBA255000155FB /* libSITypes.a */;
			productType = "com.apple.product-type.library.static";
		};
/* End PBXNativeTarget section */

/* Begin PBXProject section */
		D4585BF01EEBA255000155FB /* Project object */ = {
			isa = PBXProject;
			attributes = {
				LastUpgradeCheck = 0930;
				ORGANIZATIONNAME = "PhySy Ltd";
				TargetAttributes = {
					D4487DE81EF0B58200B31DAE = {
						CreatedOnToolsVersion = 8.3.3;
						ProvisioningStyle = Automatic;
					};
					D4585BF71EEBA255000155FB = {
						CreatedOnToolsVersion = 8.3.3;
						DevelopmentTeam = SMJ4BY39S6;
						ProvisioningStyle = Automatic;
					};
				};
			};
			buildConfigurationList = D4585BF31EEBA255000155FB /* Build configuration list for PBXProject "SITypes" */;
			compatibilityVersion = "Xcode 3.2";
			developmentRegion = English;
			hasScannedForEncodings = 0;
			knownRegions = (
				en,
			);
			mainGroup = D4585BEF1EEBA255000155FB;
			productRefGroup = D4585BF91EEBA255000155FB /* Products */;
			projectDirPath = "";
			projectRoot = "";
			targets = (
				D4585BF71EEBA255000155FB /* SITypes */,
				D4487DE81EF0B58200B31DAE /* SILibTests */,
			);
		};
/* End PBXProject section */

/* Begin PBXSourcesBuildPhase section */
		D4487DE51EF0B58200B31DAE /* Sources */ = {
			isa = PBXSourcesBuildPhase;
			buildActionMask = 2147483647;
			files = (
				D4487DEC1EF0B58200B31DAE /* main.c in Sources */,
			);
			runOnlyForDeploymentPostprocessing = 0;
		};
		D4585BF41EEBA255000155FB /* Sources */ = {
			isa = PBXSourcesBuildPhase;
			buildActionMask = 2147483647;
			files = (
				D45B1134214B0B1800FC085C /* PSFormulaMassParser.c in Sources */,
				D45B1131214B0B1800FC085C /* SIDimensionalityScanner.l in Sources */,
				D45B1121214B0B1800FC085C /* SIUnitParser.y in Sources */,
				D45B1128214B0B1800FC085C /* PSScalarScanner.l in Sources */,
				D45B1136214B0B1800FC085C /* SIDimensionalityParser.y in Sources */,
				D45B112A214B0B1800FC085C /* PSScalarConstants.c in Sources */,
				D45B1123214B0B1800FC085C /* PSScalarParser.y in Sources */,
				D45B1132214B0B1800FC085C /* PSFormulaMassParser.l in Sources */,
				D45B1124214B0B1800FC085C /* SIUnitScanner.l in Sources */,
				D45B1135214B0B1800FC085C /* PSScalar.c in Sources */,
				D45B111F214B0B1800FC085C /* SIDimensionality.c in Sources */,
				D45B1120214B0B1800FC085C /* SIUnit.c in Sources */,
				D45B1126214B0B1800FC085C /* Makefile in Sources */,
				D45B1125214B0B1800FC085C /* PSScalarParser.c in Sources */,
				D45B1127214B0B1800FC085C /* PSQuantity.c in Sources */,
			);
			runOnlyForDeploymentPostprocessing = 0;
		};
/* End PBXSourcesBuildPhase section */

/* Begin XCBuildConfiguration section */
		D4487DEE1EF0B58200B31DAE /* Debug */ = {
			isa = XCBuildConfiguration;
			buildSettings = {
				CODE_SIGN_IDENTITY = "-";
				CODE_SIGN_STYLE = Automatic;
				DEVELOPMENT_TEAM = "";
				PRODUCT_NAME = "$(TARGET_NAME)";
				PROVISIONING_PROFILE_SPECIFIER = "";
			};
			name = Debug;
		};
		D4487DEF1EF0B58200B31DAE /* Release */ = {
			isa = XCBuildConfiguration;
			buildSettings = {
				CODE_SIGN_IDENTITY = "-";
				CODE_SIGN_STYLE = Automatic;
				DEVELOPMENT_TEAM = "";
				PRODUCT_NAME = "$(TARGET_NAME)";
				PROVISIONING_PROFILE_SPECIFIER = "";
			};
			name = Release;
		};
		D4585BFA1EEBA255000155FB /* Debug */ = {
			isa = XCBuildConfiguration;
			buildSettings = {
				ALWAYS_SEARCH_USER_PATHS = NO;
				CLANG_ANALYZER_NONNULL = YES;
				CLANG_ANALYZER_NUMBER_OBJECT_CONVERSION = YES_AGGRESSIVE;
				CLANG_CXX_LANGUAGE_STANDARD = "gnu++0x";
				CLANG_CXX_LIBRARY = "libc++";
				CLANG_ENABLE_MODULES = YES;
				CLANG_ENABLE_OBJC_ARC = YES;
				CLANG_WARN_BLOCK_CAPTURE_AUTORELEASING = YES;
				CLANG_WARN_BOOL_CONVERSION = YES;
				CLANG_WARN_COMMA = YES;
				CLANG_WARN_CONSTANT_CONVERSION = YES;
				CLANG_WARN_DEPRECATED_OBJC_IMPLEMENTATIONS = YES;
				CLANG_WARN_DIRECT_OBJC_ISA_USAGE = YES_ERROR;
				CLANG_WARN_DOCUMENTATION_COMMENTS = YES;
				CLANG_WARN_EMPTY_BODY = YES;
				CLANG_WARN_ENUM_CONVERSION = YES;
				CLANG_WARN_INFINITE_RECURSION = YES;
				CLANG_WARN_INT_CONVERSION = YES;
				CLANG_WARN_NON_LITERAL_NULL_CONVERSION = YES;
				CLANG_WARN_OBJC_IMPLICIT_RETAIN_SELF = YES;
				CLANG_WARN_OBJC_LITERAL_CONVERSION = YES;
				CLANG_WARN_OBJC_ROOT_CLASS = YES_ERROR;
				CLANG_WARN_RANGE_LOOP_ANALYSIS = YES;
				CLANG_WARN_STRICT_PROTOTYPES = YES;
				CLANG_WARN_SUSPICIOUS_MOVE = YES;
				CLANG_WARN_UNREACHABLE_CODE = YES;
				CLANG_WARN__DUPLICATE_METHOD_MATCH = YES;
				CODE_SIGN_IDENTITY = "-";
				COPY_PHASE_STRIP = NO;
				DEBUG_INFORMATION_FORMAT = dwarf;
				ENABLE_STRICT_OBJC_MSGSEND = YES;
				ENABLE_TESTABILITY = YES;
				GCC_C_LANGUAGE_STANDARD = gnu99;
				GCC_DYNAMIC_NO_PIC = NO;
				GCC_NO_COMMON_BLOCKS = YES;
				GCC_OPTIMIZATION_LEVEL = 0;
				GCC_PREPROCESSOR_DEFINITIONS = (
					"DEBUG=1",
					"$(inherited)",
				);
				GCC_WARN_64_TO_32_BIT_CONVERSION = YES;
				GCC_WARN_ABOUT_RETURN_TYPE = YES_ERROR;
				GCC_WARN_UNDECLARED_SELECTOR = YES;
				GCC_WARN_UNINITIALIZED_AUTOS = YES_AGGRESSIVE;
				GCC_WARN_UNUSED_FUNCTION = YES;
				GCC_WARN_UNUSED_VARIABLE = YES;
				MACOSX_DEPLOYMENT_TARGET = 10.12;
				MTL_ENABLE_DEBUG_INFO = YES;
				ONLY_ACTIVE_ARCH = YES;
				SDKROOT = macosx;
			};
			name = Debug;
		};
		D4585BFB1EEBA255000155FB /* Release */ = {
			isa = XCBuildConfiguration;
			buildSettings = {
				ALWAYS_SEARCH_USER_PATHS = NO;
				CLANG_ANALYZER_NONNULL = YES;
				CLANG_ANALYZER_NUMBER_OBJECT_CONVERSION = YES_AGGRESSIVE;
				CLANG_CXX_LANGUAGE_STANDARD = "gnu++0x";
				CLANG_CXX_LIBRARY = "libc++";
				CLANG_ENABLE_MODULES = YES;
				CLANG_ENABLE_OBJC_ARC = YES;
				CLANG_WARN_BLOCK_CAPTURE_AUTORELEASING = YES;
				CLANG_WARN_BOOL_CONVERSION = YES;
				CLANG_WARN_COMMA = YES;
				CLANG_WARN_CONSTANT_CONVERSION = YES;
				CLANG_WARN_DEPRECATED_OBJC_IMPLEMENTATIONS = YES;
				CLANG_WARN_DIRECT_OBJC_ISA_USAGE = YES_ERROR;
				CLANG_WARN_DOCUMENTATION_COMMENTS = YES;
				CLANG_WARN_EMPTY_BODY = YES;
				CLANG_WARN_ENUM_CONVERSION = YES;
				CLANG_WARN_INFINITE_RECURSION = YES;
				CLANG_WARN_INT_CONVERSION = YES;
				CLANG_WARN_NON_LITERAL_NULL_CONVERSION = YES;
				CLANG_WARN_OBJC_IMPLICIT_RETAIN_SELF = YES;
				CLANG_WARN_OBJC_LITERAL_CONVERSION = YES;
				CLANG_WARN_OBJC_ROOT_CLASS = YES_ERROR;
				CLANG_WARN_RANGE_LOOP_ANALYSIS = YES;
				CLANG_WARN_STRICT_PROTOTYPES = YES;
				CLANG_WARN_SUSPICIOUS_MOVE = YES;
				CLANG_WARN_UNREACHABLE_CODE = YES;
				CLANG_WARN__DUPLICATE_METHOD_MATCH = YES;
				CODE_SIGN_IDENTITY = "-";
				COPY_PHASE_STRIP = NO;
				DEBUG_INFORMATION_FORMAT = "dwarf-with-dsym";
				ENABLE_NS_ASSERTIONS = NO;
				ENABLE_STRICT_OBJC_MSGSEND = YES;
				GCC_C_LANGUAGE_STANDARD = gnu99;
				GCC_NO_COMMON_BLOCKS = YES;
				GCC_WARN_64_TO_32_BIT_CONVERSION = YES;
				GCC_WARN_ABOUT_RETURN_TYPE = YES_ERROR;
				GCC_WARN_UNDECLARED_SELECTOR = YES;
				GCC_WARN_UNINITIALIZED_AUTOS = YES_AGGRESSIVE;
				GCC_WARN_UNUSED_FUNCTION = YES;
				GCC_WARN_UNUSED_VARIABLE = YES;
				MACOSX_DEPLOYMENT_TARGET = 10.12;
				MTL_ENABLE_DEBUG_INFO = NO;
				SDKROOT = macosx;
			};
			name = Release;
		};
		D4585BFD1EEBA255000155FB /* Debug */ = {
			isa = XCBuildConfiguration;
			buildSettings = {
				ALWAYS_SEARCH_USER_PATHS = YES;
				DEVELOPMENT_TEAM = "";
				EXECUTABLE_PREFIX = lib;
				HEADER_SEARCH_PATHS = "";
				LIBRARY_SEARCH_PATHS = (
					"$(inherited)",
					"$(PROJECT_DIR)/DerivedData/SITypes/Build/Products/Debug",
					"$(PROJECT_DIR)",
				);
				PRODUCT_NAME = "$(TARGET_NAME)";
				PUBLIC_HEADERS_FOLDER_PATH = include/SITypes;
				USER_HEADER_SEARCH_PATHS = "\"$(PROJECT_TEMP_DIR)/../UninstalledProducts/include\"";
				YACC_GENERATED_FILE_STEM = InputFileStem;
			};
			name = Debug;
		};
		D4585BFE1EEBA255000155FB /* Release */ = {
			isa = XCBuildConfiguration;
			buildSettings = {
				ALWAYS_SEARCH_USER_PATHS = YES;
				DEVELOPMENT_TEAM = "";
				EXECUTABLE_PREFIX = lib;
				HEADER_SEARCH_PATHS = "";
				LIBRARY_SEARCH_PATHS = (
					"$(inherited)",
					"$(PROJECT_DIR)/DerivedData/SITypes/Build/Products/Debug",
					"$(PROJECT_DIR)",
				);
				PRODUCT_NAME = "$(TARGET_NAME)";
				PUBLIC_HEADERS_FOLDER_PATH = include/SITypes;
				USER_HEADER_SEARCH_PATHS = "\"$(PROJECT_TEMP_DIR)/../UninstalledProducts/include\"";
				YACC_GENERATED_FILE_STEM = InputFileStem;
			};
			name = Release;
		};
/* End XCBuildConfiguration section */

/* Begin XCConfigurationList section */
		D4487DED1EF0B58200B31DAE /* Build configuration list for PBXNativeTarget "SILibTests" */ = {
			isa = XCConfigurationList;
			buildConfigurations = (
				D4487DEE1EF0B58200B31DAE /* Debug */,
				D4487DEF1EF0B58200B31DAE /* Release */,
			);
			defaultConfigurationIsVisible = 0;
			defaultConfigurationName = Release;
		};
		D4585BF31EEBA255000155FB /* Build configuration list for PBXProject "SITypes" */ = {
			isa = XCConfigurationList;
			buildConfigurations = (
				D4585BFA1EEBA255000155FB /* Debug */,
				D4585BFB1EEBA255000155FB /* Release */,
			);
			defaultConfigurationIsVisible = 0;
			defaultConfigurationName = Release;
		};
		D4585BFC1EEBA255000155FB /* Build configuration list for PBXNativeTarget "SITypes" */ = {
			isa = XCConfigurationList;
			buildConfigurations = (
				D4585BFD1EEBA255000155FB /* Debug */,
				D4585BFE1EEBA255000155FB /* Release */,
			);
			defaultConfigurationIsVisible = 0;
			defaultConfigurationName = Release;
		};
/* End XCConfigurationList section */
	};
	rootObject = D4585BF01EEBA255000155FB /* Project object */;
}
